
Microsoft Visual Studio Solution File, Format Version 12.00
# Visual Studio Version 17
VisualStudioVersion = 17.9.34701.34
MinimumVisualStudioVersion = 10.0.40219.1
Project("{9A19103F-16F7-4668-BE54-9A1E7A4F7556}") = "ExceptionHandling", "ExceptionHandling.csproj", "{289674A4-1146-4212-8EAD-2C701AFD0133}"
EndProject
Project("{2150E333-8FDC-42A3-9474-1A3956D46DE8}") = "Solution Items", "Solution Items", "{4969AE5E-E81A-4105-9F39-75B75359F6FE}"
	ProjectSection(SolutionItems) = preProject
		.gitignore = .gitignore
	EndProjectSection
EndProject
Global
	GlobalSection(SolutionConfigurationPlatforms) = preSolution
		Debug|Any CPU = Debug|Any CPU
		Release|Any CPU = Release|Any CPU
	EndGlobalSection
	GlobalSection(ProjectConfigurationPlatforms) = postSolution
		{289674A4-1146-4212-8EAD-2C701AFD0133}.Debug|Any CPU.ActiveCfg = Debug|Any CPU
		{289674A4-1146-4212-8EAD-2C701AFD0133}.Debug|Any CPU.Build.0 = Debug|Any CPU
		{289674A4-1146-4212-8EAD-2C701AFD0133}.Release|Any CPU.ActiveCfg = Release|Any CPU
		{289674A4-1146-4212-8EAD-2C701AFD0133}.Release|Any CPU.Build.0 = Release|Any CPU
	EndGlobalSection
	GlobalSection(SolutionProperties) = preSolution
		HideSolutionNode = FALSE
	EndGlobalSection
	GlobalSection(ExtensibilityGlobals) = postSolution
		SolutionGuid = {725FAA83-CA89-42BD-852A-1B448A89526D}
	EndGlobalSection
EndGlobal
